{
  "name": "@opuscapita/event-client",
  "version": "1.0.0",
  "lockfileVersion": 1,
  "requires": true,
  "dependencies": {
    "amqplib": {
      "version": "0.5.2",
      "resolved": "https://registry.npmjs.org/amqplib/-/amqplib-0.5.2.tgz",
      "integrity": "sha512-l9mCs6LbydtHqRniRwYkKdqxVa6XMz3Vw1fh+2gJaaVgTM6Jk3o8RccAKWKtlhT1US5sWrFh+KKxsVUALURSIA==",
      "requires": {
        "bitsyntax": "0.0.4",
        "bluebird": "3.5.1",
        "buffer-more-ints": "0.0.2",
        "readable-stream": "1.1.14",
        "safe-buffer": "5.1.1"
      }
    },
    "amqplib-retry": {
      "version": "1.1.7",
      "resolved": "https://registry.npmjs.org/amqplib-retry/-/amqplib-retry-1.1.7.tgz",
      "integrity": "sha1-ciA60SX19HTC0MTx6bfDYrqz028=",
      "requires": {
        "amqplib": "0.4.2",
        "bluebird": "3.5.1",
        "underscore": "1.8.3"
      },
      "dependencies": {
        "amqplib": {
          "version": "0.4.2",
          "resolved": "https://registry.npmjs.org/amqplib/-/amqplib-0.4.2.tgz",
          "integrity": "sha1-XkoqkUzLMSX5y5H22gfJeqTLE6Y=",
          "requires": {
            "bitsyntax": "0.0.4",
            "buffer-more-ints": "0.0.2",
            "readable-stream": "1.1.14",
            "when": "3.6.4"
          }
        }
      }
    },
    "bitsyntax": {
      "version": "0.0.4",
      "resolved": "https://registry.npmjs.org/bitsyntax/-/bitsyntax-0.0.4.tgz",
      "integrity": "sha1-6xDMb4K4xJDj6FaY8H6D1G4MuoI=",
      "requires": {
        "buffer-more-ints": "0.0.2"
      }
    },
    "bluebird": {
      "version": "3.5.1",
      "resolved": "https://registry.npmjs.org/bluebird/-/bluebird-3.5.1.tgz",
      "integrity": "sha512-MKiLiV+I1AA596t9w1sQJ8jkiSr5+ZKi0WKrYGUn6d1Fx+Ij4tIj+m2WMQSGczs5jZVxV339chE8iwk6F64wjA=="
    },
    "bluebird-retry": {
      "version": "0.11.0",
      "resolved": "https://registry.npmjs.org/bluebird-retry/-/bluebird-retry-0.11.0.tgz",
      "integrity": "sha1-EomrIsu8OgJYe6rTVZU1HdDBwEc="
    },
    "buffer-more-ints": {
      "version": "0.0.2",
      "resolved": "https://registry.npmjs.org/buffer-more-ints/-/buffer-more-ints-0.0.2.tgz",
      "integrity": "sha1-JrOIXRD6E9t/wBquOquHAZngEkw="
    },
    "clone": {
      "version": "2.1.1",
      "resolved": "https://registry.npmjs.org/clone/-/clone-2.1.1.tgz",
      "integrity": "sha1-0hfR6WERjjrJpLi7oyhVU79kfNs="
    },
    "consul": {
      "version": "0.27.0",
      "resolved": "https://registry.npmjs.org/consul/-/consul-0.27.0.tgz",
      "integrity": "sha1-PYyIwqDYdTaa/EYJiDBJlSj8dMQ=",
      "requires": {
        "papi": "0.27.0"
      }
    },
    "core-util-is": {
      "version": "1.0.2",
      "resolved": "https://registry.npmjs.org/core-util-is/-/core-util-is-1.0.2.tgz",
      "integrity": "sha1-tf1UIgqivFq1eqtxQMlAdUUDwac="
    },
    "extend": {
      "version": "3.0.1",
      "resolved": "https://registry.npmjs.org/extend/-/extend-3.0.1.tgz",
      "integrity": "sha1-p1Xqe8Gt/MWjHOfnYtuq3F5jZEQ="
    },
    "inherits": {
      "version": "2.0.3",
      "resolved": "https://registry.npmjs.org/inherits/-/inherits-2.0.3.tgz",
      "integrity": "sha1-Yzwsg+PaQqUC9SRmAiSA9CCCYd4="
    },
    "isarray": {
      "version": "0.0.1",
      "resolved": "https://registry.npmjs.org/isarray/-/isarray-0.0.1.tgz",
      "integrity": "sha1-ihis/Kmo9Bd+Cav8YDiTmwXR7t8="
    },
    "lodash": {
      "version": "4.17.4",
      "resolved": "https://registry.npmjs.org/lodash/-/lodash-4.17.4.tgz",
      "integrity": "sha1-eCA6TRwyiuHYbcpkYONptX9AVa4="
    },
    "node-cache": {
      "version": "4.1.1",
      "resolved": "https://registry.npmjs.org/node-cache/-/node-cache-4.1.1.tgz",
      "integrity": "sha1-CFJGRe5AOd7cPcwd18a5eeBhnkQ=",
      "requires": {
        "clone": "2.1.1",
        "lodash": "4.17.4"
      }
    },
    "ocbesbn-config": {
      "version": "2.2.11",
      "resolved": "https://registry.npmjs.org/ocbesbn-config/-/ocbesbn-config-2.2.11.tgz",
      "integrity": "sha1-0SomPipiOaiNV40fTNXbN6AKfE0=",
      "requires": {
        "bluebird": "3.5.1",
        "bluebird-retry": "0.10.1",
        "consul": "0.27.0",
        "extend": "3.0.1",
        "node-cache": "4.1.1",
        "ocbesbn-logger": "1.0.5"
      },
      "dependencies": {
        "bluebird-retry": {
          "version": "0.10.1",
          "resolved": "https://registry.npmjs.org/bluebird-retry/-/bluebird-retry-0.10.1.tgz",
          "integrity": "sha1-zfdrAdSm3U/sTiyENgqKCQB/Z9o="
        }
      }
    },
    "ocbesbn-logger": {
      "version": "1.0.5",
      "resolved": "https://registry.npmjs.org/ocbesbn-logger/-/ocbesbn-logger-1.0.5.tgz",
      "integrity": "sha1-J6m3IdOgjxPNEZWZjKbwdhKBvuQ=",
      "requires": {
        "extend": "3.0.1"
      }
    },
    "papi": {
      "version": "0.27.0",
      "resolved": "https://registry.npmjs.org/papi/-/papi-0.27.0.tgz",
      "integrity": "sha1-c5Kjjr76f7Z+mLNjvKPRNoJ8ryg="
    },
    "readable-stream": {
      "version": "1.1.14",
      "resolved": "https://registry.npmjs.org/readable-stream/-/readable-stream-1.1.14.tgz",
      "integrity": "sha1-fPTFTvZI44EwhMY23SB54WbAgdk=",
      "requires": {
        "core-util-is": "1.0.2",
        "inherits": "2.0.3",
        "isarray": "0.0.1",
        "string_decoder": "0.10.31"
      }
    },
    "safe-buffer": {
      "version": "5.1.1",
      "resolved": "https://registry.npmjs.org/safe-buffer/-/safe-buffer-5.1.1.tgz",
      "integrity": "sha512-kKvNJn6Mm93gAczWVJg7wH+wGYWNrDHdWvpUmHyEsgCtIwwo3bqPtV4tR5tuPaUhTOo/kvhVwd8XwwOllGYkbg=="
    },
    "string_decoder": {
      "version": "0.10.31",
      "resolved": "https://registry.npmjs.org/string_decoder/-/string_decoder-0.10.31.tgz",
      "integrity": "sha1-YuIDvEF2bGwoyfyEMB2rHFMQ+pQ="
    },
    "underscore": {
      "version": "1.8.3",
      "resolved": "https://registry.npmjs.org/underscore/-/underscore-1.8.3.tgz",
      "integrity": "sha1-Tz+1OxBuYJf8+ctBCfKl6b36UCI="
    },
    "when": {
      "version": "3.6.4",
      "resolved": "https://registry.npmjs.org/when/-/when-3.6.4.tgz",
      "integrity": "sha1-RztRfsFZ4rhQBUl6E5g/CVQS404="
    }
  }
}
